# This file is autogenerated, do not edit; changes may be undone by the next 'dep ensure'.


[[projects]]
  branch = "default"
  digest = "1:24df057f15e7a09e75c1241cbe6f6590fd3eac9804f1110b02efade3214f042d"
  name = "bitbucket.org/ww/goautoneg"
  packages = ["."]
  pruneopts = "UT"
  revision = "75cd24fc2f2c2a2088577d12123ddee5f54e0675"

[[projects]]
  digest = "1:002edd3097e9eb1ad56da7e29ed3bfdc8f85765d667a84246b38a7226c829ad2"
  name = "github.com/NYTimes/gziphandler"
  packages = ["."]
  pruneopts = "UT"
  revision = "56545f4a5d46df9a6648819d1664c3a03a13ffdb"

[[projects]]
  digest = "1:d1665c44bd5db19aaee18d1b6233c99b0b9a986e8bccb24ef54747547a48027f"
  name = "github.com/PuerkitoBio/purell"
  packages = ["."]
  pruneopts = "UT"
  revision = "0bcb03f4b4d0a9428594752bd2a3b9aa0a9d4bd4"
  version = "v1.1.0"

[[projects]]
  branch = "master"
  digest = "1:c739832d67eb1e9cc478a19cc1a1ccd78df0397bf8a32978b759152e205f644b"
  name = "github.com/PuerkitoBio/urlesc"
  packages = ["."]
  pruneopts = "UT"
  revision = "de5bf2ad457846296e2031421a34e2568e304e35"

[[projects]]
  branch = "master"
  digest = "1:d6afaeed1502aa28e80a4ed0981d570ad91b2579193404256ce672ed0a609e0d"
  name = "github.com/beorn7/perks"
  packages = ["quantile"]
  pruneopts = "UT"
  revision = "3a771d992973f24aa725d07868b467d1ddfceafb"

[[projects]]
  digest = "1:0c9edd740587b044c0bcf8dac05363be054e129cddd76fce54e5fe3c8c0cac99"
  name = "github.com/coreos/etcd"
  packages = [
    "auth/authpb",
    "client",
    "clientv3",
    "etcdserver/api/v3rpc/rpctypes",
    "etcdserver/etcdserverpb",
    "mvcc/mvccpb",
    "pkg/fileutil",
    "pkg/pathutil",
    "pkg/tlsutil",
    "pkg/transport",
    "pkg/types",
  ]
  pruneopts = "UT"
  revision = "960f4604bc821241b94906da5fe7f66306a77472"
  version = "v3.1.11"

[[projects]]
  digest = "1:f4978babd0d008b62b173353bb08d06fdd87d10a3d419bdd930d2243d5094a47"
  name = "github.com/coreos/go-systemd"
  packages = [
    "daemon",
    "journal",
  ]
  pruneopts = "UT"
  revision = "48702e0da86bd25e76cfef347e2adeb434a0d0a6"
  version = "v14"

[[projects]]
  digest = "1:d7a9399d485073895541c93b33489851bb05ab942fbb85baf703bb49de7c6f70"
  name = "github.com/coreos/pkg"
  packages = ["capnslog"]
  pruneopts = "UT"
  revision = "3ac0863d7acf3bc44daf49afef8919af12f704ef"
  version = "v3"

[[projects]]
  digest = "1:ffe9824d294da03b391f44e1ae8281281b4afc1bdaa9588c9097785e3af10cec"
  name = "github.com/davecgh/go-spew"
  packages = ["spew"]
  pruneopts = "UT"
  revision = "8991bc29aa16c548c550c7ff78260e27b9ab7c73"
  version = "v1.1.1"

[[projects]]
  digest = "1:1f1d454098ba2f8e7b87f0166e30533a72dddb80bace79643a78933fa4889613"
  name = "github.com/elazarl/go-bindata-assetfs"
  packages = ["."]
  pruneopts = "UT"
  revision = "3dcc96556217539f50599357fb481ac0dc7439b9"

[[projects]]
  digest = "1:87c056b4f0548034ade51456237b47f723b901f373d7c11295f80da5d3b91950"
  name = "github.com/emicklei/go-restful"
  packages = [
    ".",
    "log",
  ]
  pruneopts = "UT"
  revision = "ff4f55a206334ef123e4f79bbf348980da81ca46"

[[projects]]
  digest = "1:ddab18e89cf46e40707b89dbe3835b4a591b0ea298e1035eefa84002aa9a4b4e"
  name = "github.com/emicklei/go-restful-swagger12"
  packages = ["."]
  pruneopts = "UT"
  revision = "dcef7f55730566d41eae5db10e7d6981829720f6"
  version = "1.0.1"

[[projects]]
  digest = "1:11e94345a96c7ffd792e2c6019b79fd9c51d9faf55201d23a96c38dc09533a01"
  name = "github.com/evanphx/json-patch"
  packages = ["."]
  pruneopts = "UT"
  revision = "944e07253867aacae43c04b2e6a239005443f33a"

[[projects]]
  digest = "1:2cd7915ab26ede7d95b8749e6b1f933f1c6d5398030684e6505940a10f31cfda"
  name = "github.com/ghodss/yaml"
  packages = ["."]
  pruneopts = "UT"
  revision = "0ca9ea5df5451ffdf184b4428c902747c2c11cd7"
  version = "v1.0.0"

[[projects]]
  digest = "1:2997679181d901ac8aaf4330d11138ecf3974c6d3334995ff36f20cbd597daf8"
  name = "github.com/go-openapi/jsonpointer"
  packages = ["."]
  pruneopts = "UT"
  revision = "3a0015ad55fa9873f41605d3e8f28cd279c32ab2"
  version = "0.16.0"

[[projects]]
  digest = "1:1ae3f233d75a731b164ca9feafd8ed646cbedf1784095876ed6988ce8aa88b1f"
  name = "github.com/go-openapi/jsonreference"
  packages = ["."]
  pruneopts = "UT"
  revision = "3fb327e6747da3043567ee86abd02bb6376b6be2"
  version = "0.16.0"

[[projects]]
  digest = "1:dc458a3dd7491bbcbb78050e05ceb428a3b30adc276e62b717a97e79442ba12b"
  name = "github.com/go-openapi/spec"
  packages = ["."]
  pruneopts = "UT"
  revision = "7abd5745472fff5eb3685386d5fb8bf38683154d"

[[projects]]
  digest = "1:c80984d4a9bb79539743aff5af91b595d84f513700150b0ed73c1697d1200d54"
  name = "github.com/go-openapi/swag"
  packages = ["."]
  pruneopts = "UT"
  revision = "becd2f08beafcca035645a8a101e0e3e18140458"
  version = "0.16.0"

[[projects]]
  digest = "1:34e709f36fd4f868fb00dbaf8a6cab4c1ae685832d392874ba9d7c5dec2429d1"
  name = "github.com/gogo/protobuf"
  packages = [
    "proto",
    "sortkeys",
  ]
  pruneopts = "UT"
  revision = "7d68e886eac4f7e34d0d82241a6273d6c304c5cf"
  version = "v1.1.0"

[[projects]]
  branch = "master"
  digest = "1:1ba1d79f2810270045c328ae5d674321db34e3aae468eb4233883b473c5c0467"
  name = "github.com/golang/glog"
  packages = ["."]
  pruneopts = "UT"
  revision = "23def4e6c14b4da8ac2ed8007337bc5eb5007998"

[[projects]]
  digest = "1:7672c206322f45b33fac1ae2cb899263533ce0adcc6481d207725560208ec84e"
  name = "github.com/golang/groupcache"
  packages = ["lru"]
  pruneopts = "UT"
  revision = "02826c3e79038b59d737d3b1c0a1d937f71a4433"

[[projects]]
  digest = "1:69d5e4ea47a10826ceeacc88f99b1f3e509b07690cee667d70e13b5dd505bdcc"
  name = "github.com/golang/protobuf"
  packages = [
    "jsonpb",
    "proto",
    "ptypes",
    "ptypes/any",
    "ptypes/duration",
    "ptypes/struct",
    "ptypes/timestamp",
  ]
  pruneopts = "UT"
  revision = "b4deda0973fb4c70b50d226b1af49f3da59f5265"
  version = "v1.1.0"

[[projects]]
  branch = "master"
  digest = "1:0bfbe13936953a98ae3cfe8ed6670d396ad81edf069a806d2f6515d7bb6950df"
  name = "github.com/google/btree"
  packages = ["."]
  pruneopts = "UT"
  revision = "4030bb1f1f0c35b30ca7009e9ebd06849dd45306"

[[projects]]
  digest = "1:41bfd4219241b7f7d6e6fdb13fc712576f1337e68e6b895136283b76928fdd66"
  name = "github.com/google/gofuzz"
  packages = ["."]
  pruneopts = "UT"
  revision = "44d81051d367757e1c7c6a5a86423ece9afcf63c"

[[projects]]
  digest = "1:75eb87381d25cc75212f52358df9c3a2719584eaa9685cd510ce28699122f39d"
  name = "github.com/googleapis/gnostic"
  packages = [
    "OpenAPIv2",
    "compiler",
    "extensions",
  ]
  pruneopts = "UT"
  revision = "0c5108395e2debce0d731cf0287ddf7242066aba"

[[projects]]
  digest = "1:878f0defa9b853f9acfaf4a162ba450a89d0050eff084f9fe7f5bd15948f172a"
  name = "github.com/gregjones/httpcache"
  packages = [
    ".",
    "diskcache",
  ]
  pruneopts = "UT"
  revision = "787624de3eb7bd915c329cba748687a3b22666a6"

[[projects]]
  digest = "1:18d7ca9d0ea92fbf087e15cfd90b2c3fb391e9a46181fd421f99c48c8885bab7"
  name = "github.com/grpc-ecosystem/go-grpc-prometheus"
  packages = ["."]
  pruneopts = "UT"
  revision = "6b7015e65d366bf3f19b2b2a000a831940f0f7e0"
  version = "v1.1"

[[projects]]
  digest = "1:eb513169c231b33669376e3f1d9d79a83208ad483568bc0e103a467803fa72fd"
  name = "github.com/grpc-ecosystem/grpc-gateway"
  packages = [
    "runtime",
    "runtime/internal",
    "utilities",
  ]
  pruneopts = "UT"
  revision = "84398b94e188ee336f307779b57b3aa91af7063c"

[[projects]]
  digest = "1:3f90d23757c18b1e07bf11494dbe737ee2c44d881c0f41e681611abdadad62fa"
  name = "github.com/hashicorp/golang-lru"
  packages = [
    ".",
    "simplelru",
  ]
  pruneopts = "UT"
  revision = "a0d98a5f288019575c6d1f4bb1573fef2d1fcdc4"

[[projects]]
  branch = "master"
  digest = "1:0778dc7fce1b4669a8bfa7ae506ec1f595b6ab0f8989c1c0d22a8ca1144e9972"
  name = "github.com/howeyc/gopass"
  packages = ["."]
  pruneopts = "UT"
  revision = "bf9dde6d0d2c004a008c27aaee91170c786f6db8"

[[projects]]
  digest = "1:06ec9147400aabb0d6960dd8557638603b5f320cd4cb8a3eceaae407e782849a"
  name = "github.com/imdario/mergo"
  packages = ["."]
  pruneopts = "UT"
  revision = "6633656539c1639d9d78127b7d47c622b5d7b6dc"

[[projects]]
  digest = "1:870d441fe217b8e689d7949fef6e43efbc787e50f200cb1e70dbca9204a1d6be"
  name = "github.com/inconshreveable/mousetrap"
  packages = ["."]
  pruneopts = "UT"
  revision = "76626ae9c91c4f2a10f34cad8ce83ea42c93bb75"
  version = "v1.0"

[[projects]]
  digest = "1:bb3cc4c1b21ea18cfa4e3e47440fc74d316ab25b0cf42927e8c1274917bd9891"
  name = "github.com/json-iterator/go"
  packages = ["."]
  pruneopts = "UT"
  revision = "f2b4162afba35581b6d4a50d3b8f34e33c144682"

[[projects]]
  digest = "1:924a04121ca98afac9b02f85ea87bc22526394d3537d58febcd713ada883d720"
  name = "github.com/juju/ratelimit"
  packages = ["."]
  pruneopts = "UT"
  revision = "5b9ff866471762aa2ab2dced63c9fb6f53921342"
  version = "1.0"

[[projects]]
  digest = "1:3e0502dcb749b6387865abf8070c5e5762384126c1b82625628480a67034b35d"
  name = "github.com/kubernetes-incubator/apiserver-builder"
  packages = [
    "pkg/builders",
    "pkg/controller",
  ]
  pruneopts = "UT"
  revision = "14201e804a58a140011a0044b15331f477535f91"
  version = "v1.9-alpha.4"

[[projects]]
  digest = "1:aed4a1a07381be8758c5cf680977b9d2b83bd319beff4bd311001ef8ba3856b1"
  name = "github.com/libvirt/libvirt-go"
  packages = ["."]
  pruneopts = "UT"
  revision = "d5e0adac44d4365a2d97e259f51ab76cc3c01b20"
  version = "v4.6.0"

[[projects]]
  digest = "1:4ad8c21166230b3109f25c011450de200d58bcf9e1d7444be48178773c91bee9"
  name = "github.com/libvirt/libvirt-go-xml"
  packages = ["."]
  pruneopts = "UT"
  revision = "3b211bfe6684ab791e028d1668411bf13ef65b45"
  version = "v4.6.0"

[[projects]]
  branch = "master"
  digest = "1:84a5a2b67486d5d67060ac393aa255d05d24ed5ee41daecd5635ec22657b6492"
  name = "github.com/mailru/easyjson"
  packages = [
    "buffer",
    "jlexer",
    "jwriter",
  ]
  pruneopts = "UT"
  revision = "60711f1a8329503b04e1c88535f419d0bb440bff"

[[projects]]
  digest = "1:ff5ebae34cfbf047d505ee150de27e60570e8c394b3b8fdbb720ff6ac71985fc"
  name = "github.com/matttproud/golang_protobuf_extensions"
  packages = ["pbutil"]
  pruneopts = "UT"
  revision = "c12348ce28de40eed0136aa2b644d0ee0650e56c"
  version = "v1.0.1"

[[projects]]
  digest = "1:33422d238f147d247752996a26574ac48dcf472976eda7f5134015f06bf16563"
  name = "github.com/modern-go/concurrent"
  packages = ["."]
  pruneopts = "UT"
  revision = "bacd9c7ef1dd9b15be4a9909b8ac7a4e313eec94"
  version = "1.0.3"

[[projects]]
  digest = "1:e32bdbdb7c377a07a9a46378290059822efdce5c8d96fe71940d87cb4f918855"
  name = "github.com/modern-go/reflect2"
  packages = ["."]
  pruneopts = "UT"
  revision = "4b7aa43c6742a2c18fdef89dd197aaae7dac7ccd"
  version = "1.0.1"

[[projects]]
  branch = "master"
  digest = "1:a6156889b651cc0bf3d9bef82b6ba8fbb9eb19aefd7bc5718357c38b67297cbc"
  name = "github.com/mxk/go-flowrate"
  packages = ["flowrate"]
  pruneopts = "UT"
  revision = "cca7078d478f8520f85629ad7c68962d31ed7682"

[[projects]]
  digest = "1:9072181164e616e422cbfbe48ca9ac249a4d76301ca0876c9f56b937cf214a2f"
  name = "github.com/pborman/uuid"
  packages = ["."]
  pruneopts = "UT"
  revision = "ca53cad383cad2479bbba7f7a1a05797ec1386e4"

[[projects]]
  branch = "master"
  digest = "1:3bf17a6e6eaa6ad24152148a631d18662f7212e21637c2699bff3369b7f00fa2"
  name = "github.com/petar/GoLLRB"
  packages = ["llrb"]
  pruneopts = "UT"
  revision = "53be0d36a84c2a886ca057d34b6aa4468df9ccb4"

[[projects]]
  digest = "1:0e7775ebbcf00d8dd28ac663614af924411c868dca3d5aa762af0fae3808d852"
  name = "github.com/peterbourgon/diskv"
  packages = ["."]
  pruneopts = "UT"
  revision = "5f041e8faa004a95c88a202771f4cc3e991971e6"
  version = "v2.0.1"

[[projects]]
  digest = "1:22d77456cc7b8f8392be23f08da95470f0f8383a670e448c20ae49d2f04a1459"
  name = "github.com/prometheus/client_golang"
  packages = ["prometheus"]
  pruneopts = "UT"
  revision = "ae27198cdd90bf12cd134ad79d1366a6cf49f632"

[[projects]]
  branch = "master"
  digest = "1:2d5cd61daa5565187e1d96bae64dbbc6080dacf741448e9629c64fd93203b0d4"
  name = "github.com/prometheus/client_model"
  packages = ["go"]
  pruneopts = "UT"
  revision = "5c3871d89910bfb32f5fcab2aa4b9ec68e65a99f"

[[projects]]
  branch = "master"
  digest = "1:63b68062b8968092eb86bedc4e68894bd096ea6b24920faca8b9dcf451f54bb5"
  name = "github.com/prometheus/common"
  packages = [
    "expfmt",
    "internal/bitbucket.org/ww/goautoneg",
    "model",
  ]
  pruneopts = "UT"
  revision = "c7de2306084e37d54b8be01f3541a8464345e9a5"

[[projects]]
  branch = "master"
  digest = "1:8c49953a1414305f2ff5465147ee576dd705487c35b15918fcd4efdc0cb7a290"
  name = "github.com/prometheus/procfs"
  packages = [
    ".",
    "internal/util",
    "nfs",
    "xfs",
  ]
  pruneopts = "UT"
  revision = "05ee40e3a273f7245e8777337fc7b46e533a9a92"

[[projects]]
  digest = "1:d867dfa6751c8d7a435821ad3b736310c2ed68945d05b50fb9d23aee0540c8cc"
  name = "github.com/sirupsen/logrus"
  packages = ["."]
  pruneopts = "UT"
  revision = "3e01752db0189b9157070a0e1668a620f9a85da2"
  version = "v1.0.6"

[[projects]]
  digest = "1:645cabccbb4fa8aab25a956cbcbdf6a6845ca736b2c64e197ca7cbb9d210b939"
  name = "github.com/spf13/cobra"
  packages = ["."]
  pruneopts = "UT"
  revision = "ef82de70bb3f60c65fb8eebacbb2d122ef517385"
  version = "v0.0.3"

[[projects]]
  digest = "1:dab83a1bbc7ad3d7a6ba1a1cc1760f25ac38cdf7d96a5cdd55cd915a4f5ceaf9"
  name = "github.com/spf13/pflag"
  packages = ["."]
  pruneopts = "UT"
  revision = "9a97c102cda95a86cec2345a6f09f55a939babf5"
  version = "v1.0.2"

[[projects]]
  digest = "1:a02bd33c56ab567d53246eeb40c76810c339af9fff7e43b5dd266f7d58d7ca4a"
  name = "github.com/ugorji/go"
  packages = ["codec"]
  pruneopts = "UT"
  revision = "ded73eae5db7e7a0ef6f55aace87a2873c5d2b74"

[[projects]]
  branch = "master"
  digest = "1:3f3a05ae0b95893d90b9b3b5afdb79a9b3d96e4e36e099d841ae602e4aca0da8"
  name = "golang.org/x/crypto"
  packages = ["ssh/terminal"]
  pruneopts = "UT"
  revision = "614d502a4dac94afa3a6ce146bd1736da82514c6"

[[projects]]
  digest = "1:ac11939a33953166c3c729a4064105f5b96728feb94045853837b2f74456bbbd"
  name = "golang.org/x/net"
  packages = [
    "context",
    "html",
    "html/atom",
    "http2",
    "http2/hpack",
    "idna",
    "internal/timeseries",
    "lex/httplex",
    "trace",
    "websocket",
  ]
  pruneopts = "UT"
  revision = "1c05540f6879653db88113bc4a2b70aec4bd491f"

[[projects]]
  branch = "master"
  digest = "1:0dafafed83f125cdc945a014b2dec15e5b5d8cd2d77a2d1e3763120b08ab381b"
  name = "golang.org/x/sys"
  packages = [
    "unix",
    "windows",
  ]
  pruneopts = "UT"
  revision = "4910a1d54f876d7b22162a85f4d066d3ee649450"

[[projects]]
  digest = "1:0c56024909189aee3364b7f21a95a27459f718aa7c199a5c111c36cfffd9eaef"
  name = "golang.org/x/text"
  packages = [
    "collate",
    "collate/build",
    "internal/colltab",
    "internal/gen",
    "internal/tag",
    "internal/triegen",
    "internal/ucd",
    "language",
    "secure/bidirule",
    "transform",
    "unicode/bidi",
    "unicode/cldr",
    "unicode/norm",
    "unicode/rangetable",
    "width",
  ]
  pruneopts = "UT"
  revision = "f21a4dfb5e38f5895301dc265a8def02365cc3d0"
  version = "v0.3.0"

[[projects]]
  digest = "1:6009479b58676271e2b1775f921eec20a784943972f55c6b0b02682f3d9e5034"
  name = "google.golang.org/grpc"
  packages = [
    ".",
    "codes",
    "credentials",
    "grpclog",
    "internal",
    "metadata",
    "naming",
    "peer",
    "transport",
  ]
  pruneopts = "UT"
  revision = "777daa17ff9b5daef1cfdf915088a2ada3332bf0"
  version = "v1.0.4"

[[projects]]
  digest = "1:ef72505cf098abdd34efeea032103377bec06abb61d8a06f002d5d296a4b1185"
  name = "gopkg.in/inf.v0"
  packages = ["."]
  pruneopts = "UT"
  revision = "3887ee99ecf07df5b447e9b00d9c0b2adaa9f3e4"
  version = "v0.9.0"

[[projects]]
  digest = "1:342378ac4dcb378a5448dd723f0784ae519383532f5e70ade24132c4c8693202"
  name = "gopkg.in/yaml.v2"
  packages = ["."]
  pruneopts = "UT"
  revision = "5420a8b6744d3b0345ab293f6fcba19c978f1183"
  version = "v2.2.1"

[[projects]]
  branch = "release-1.9"
  digest = "1:81592091c927fcf30084df5c905d74f7d270c2052a929e166f6fe93143882a51"
  name = "k8s.io/api"
  packages = [
    "admission/v1beta1",
    "admissionregistration/v1alpha1",
    "admissionregistration/v1beta1",
    "apps/v1",
    "apps/v1beta1",
    "apps/v1beta2",
    "authentication/v1",
    "authentication/v1beta1",
    "authorization/v1",
    "authorization/v1beta1",
    "autoscaling/v1",
    "autoscaling/v2beta1",
    "batch/v1",
    "batch/v1beta1",
    "batch/v2alpha1",
    "certificates/v1beta1",
    "core/v1",
    "events/v1beta1",
    "extensions/v1beta1",
    "networking/v1",
    "policy/v1beta1",
    "rbac/v1",
    "rbac/v1alpha1",
    "rbac/v1beta1",
    "scheduling/v1alpha1",
    "settings/v1alpha1",
    "storage/v1",
    "storage/v1alpha1",
    "storage/v1beta1",
  ]
  pruneopts = "UT"
  revision = "9273ee02527c608cecc74969b3e489f5dba686da"

[[projects]]
  branch = "release-1.9"
  digest = "1:589cfc5a9fcf4cabf7c2ab13ab18772cd00083c7392e144ae6c1dc8e1b3023dc"
  name = "k8s.io/apimachinery"
  packages = [
    "pkg/api/equality",
    "pkg/api/errors",
    "pkg/api/meta",
    "pkg/api/resource",
    "pkg/api/validation",
    "pkg/api/validation/path",
    "pkg/apimachinery",
    "pkg/apimachinery/announced",
    "pkg/apimachinery/registered",
    "pkg/apis/meta/internalversion",
    "pkg/apis/meta/v1",
    "pkg/apis/meta/v1/unstructured",
    "pkg/apis/meta/v1/validation",
    "pkg/apis/meta/v1alpha1",
    "pkg/conversion",
    "pkg/conversion/queryparams",
    "pkg/fields",
    "pkg/labels",
    "pkg/runtime",
    "pkg/runtime/schema",
    "pkg/runtime/serializer",
    "pkg/runtime/serializer/json",
    "pkg/runtime/serializer/protobuf",
    "pkg/runtime/serializer/recognizer",
    "pkg/runtime/serializer/streaming",
    "pkg/runtime/serializer/versioning",
    "pkg/selection",
    "pkg/types",
    "pkg/util/cache",
    "pkg/util/clock",
    "pkg/util/diff",
    "pkg/util/errors",
    "pkg/util/framer",
    "pkg/util/httpstream",
    "pkg/util/intstr",
    "pkg/util/json",
    "pkg/util/mergepatch",
    "pkg/util/net",
    "pkg/util/proxy",
    "pkg/util/rand",
    "pkg/util/runtime",
    "pkg/util/sets",
    "pkg/util/strategicpatch",
    "pkg/util/uuid",
    "pkg/util/validation",
    "pkg/util/validation/field",
    "pkg/util/wait",
    "pkg/util/waitgroup",
    "pkg/util/yaml",
    "pkg/version",
    "pkg/watch",
    "third_party/forked/golang/json",
    "third_party/forked/golang/netutil",
    "third_party/forked/golang/reflect",
  ]
  pruneopts = "UT"
  revision = "fb40df2b502912cbe3a93aa61c2b2487f39cb42f"

[[projects]]
  branch = "release-1.9"
  digest = "1:314a11276694c2935c740ab7df2bff85e8f94afe7d7c83acea8838294d18a26f"
  name = "k8s.io/apiserver"
  packages = [
    "pkg/admission",
    "pkg/admission/configuration",
    "pkg/admission/initializer",
    "pkg/admission/metrics",
    "pkg/admission/plugin/initialization",
    "pkg/admission/plugin/namespace/lifecycle",
    "pkg/admission/plugin/webhook/config",
    "pkg/admission/plugin/webhook/config/apis/webhookadmission",
    "pkg/admission/plugin/webhook/config/apis/webhookadmission/v1alpha1",
    "pkg/admission/plugin/webhook/errors",
    "pkg/admission/plugin/webhook/mutating",
    "pkg/admission/plugin/webhook/namespace",
    "pkg/admission/plugin/webhook/request",
    "pkg/admission/plugin/webhook/rules",
    "pkg/admission/plugin/webhook/validating",
    "pkg/admission/plugin/webhook/versioned",
    "pkg/apis/apiserver",
    "pkg/apis/apiserver/install",
    "pkg/apis/apiserver/v1alpha1",
    "pkg/apis/audit",
    "pkg/apis/audit/v1alpha1",
    "pkg/apis/audit/v1beta1",
    "pkg/apis/audit/validation",
    "pkg/audit",
    "pkg/audit/policy",
    "pkg/authentication/authenticator",
    "pkg/authentication/authenticatorfactory",
    "pkg/authentication/group",
    "pkg/authentication/request/anonymous",
    "pkg/authentication/request/bearertoken",
    "pkg/authentication/request/headerrequest",
    "pkg/authentication/request/union",
    "pkg/authentication/request/websocket",
    "pkg/authentication/request/x509",
    "pkg/authentication/serviceaccount",
    "pkg/authentication/token/tokenfile",
    "pkg/authentication/user",
    "pkg/authorization/authorizer",
    "pkg/authorization/authorizerfactory",
    "pkg/authorization/union",
    "pkg/endpoints",
    "pkg/endpoints/discovery",
    "pkg/endpoints/filters",
    "pkg/endpoints/handlers",
    "pkg/endpoints/handlers/negotiation",
    "pkg/endpoints/handlers/responsewriters",
    "pkg/endpoints/metrics",
    "pkg/endpoints/openapi",
    "pkg/endpoints/request",
    "pkg/features",
    "pkg/registry/generic",
    "pkg/registry/generic/registry",
    "pkg/registry/rest",
    "pkg/server",
    "pkg/server/filters",
    "pkg/server/healthz",
    "pkg/server/httplog",
    "pkg/server/mux",
    "pkg/server/routes",
    "pkg/server/routes/data/swagger",
    "pkg/storage",
    "pkg/storage/errors",
    "pkg/storage/etcd",
    "pkg/storage/etcd/metrics",
    "pkg/storage/etcd/util",
    "pkg/storage/etcd3",
    "pkg/storage/names",
    "pkg/storage/storagebackend",
    "pkg/storage/storagebackend/factory",
    "pkg/storage/value",
    "pkg/util/feature",
    "pkg/util/flushwriter",
    "pkg/util/logs",
    "pkg/util/trace",
    "pkg/util/webhook",
    "pkg/util/wsstream",
    "plugin/pkg/authenticator/token/webhook",
    "plugin/pkg/authorizer/webhook",
  ]
  pruneopts = "UT"
  revision = "5bf8a03d2a15f7495ca6e25c67afc48e10b13f90"

[[projects]]
  branch = "release-6.0"
  digest = "1:71c60c55e56bfb5c1a2b47f3059a951d4d559271238a0afa31fc5fd88a165464"
  name = "k8s.io/client-go"
  packages = [
    "discovery",
    "discovery/fake",
    "informers",
    "informers/admissionregistration",
    "informers/admissionregistration/v1alpha1",
    "informers/admissionregistration/v1beta1",
    "informers/apps",
    "informers/apps/v1",
    "informers/apps/v1beta1",
    "informers/apps/v1beta2",
    "informers/autoscaling",
    "informers/autoscaling/v1",
    "informers/autoscaling/v2beta1",
    "informers/batch",
    "informers/batch/v1",
    "informers/batch/v1beta1",
    "informers/batch/v2alpha1",
    "informers/certificates",
    "informers/certificates/v1beta1",
    "informers/core",
    "informers/core/v1",
    "informers/events",
    "informers/events/v1beta1",
    "informers/extensions",
    "informers/extensions/v1beta1",
    "informers/internalinterfaces",
    "informers/networking",
    "informers/networking/v1",
    "informers/policy",
    "informers/policy/v1beta1",
    "informers/rbac",
    "informers/rbac/v1",
    "informers/rbac/v1alpha1",
    "informers/rbac/v1beta1",
    "informers/scheduling",
    "informers/scheduling/v1alpha1",
    "informers/settings",
    "informers/settings/v1alpha1",
    "informers/storage",
    "informers/storage/v1",
    "informers/storage/v1alpha1",
    "informers/storage/v1beta1",
    "kubernetes",
    "kubernetes/scheme",
    "kubernetes/typed/admissionregistration/v1alpha1",
    "kubernetes/typed/admissionregistration/v1beta1",
    "kubernetes/typed/apps/v1",
    "kubernetes/typed/apps/v1beta1",
    "kubernetes/typed/apps/v1beta2",
    "kubernetes/typed/authentication/v1",
    "kubernetes/typed/authentication/v1beta1",
    "kubernetes/typed/authorization/v1",
    "kubernetes/typed/authorization/v1beta1",
    "kubernetes/typed/autoscaling/v1",
    "kubernetes/typed/autoscaling/v2beta1",
    "kubernetes/typed/batch/v1",
    "kubernetes/typed/batch/v1beta1",
    "kubernetes/typed/batch/v2alpha1",
    "kubernetes/typed/certificates/v1beta1",
    "kubernetes/typed/core/v1",
    "kubernetes/typed/events/v1beta1",
    "kubernetes/typed/extensions/v1beta1",
    "kubernetes/typed/networking/v1",
    "kubernetes/typed/policy/v1beta1",
    "kubernetes/typed/rbac/v1",
    "kubernetes/typed/rbac/v1alpha1",
    "kubernetes/typed/rbac/v1beta1",
    "kubernetes/typed/scheduling/v1alpha1",
    "kubernetes/typed/settings/v1alpha1",
    "kubernetes/typed/storage/v1",
    "kubernetes/typed/storage/v1alpha1",
    "kubernetes/typed/storage/v1beta1",
    "listers/admissionregistration/v1alpha1",
    "listers/admissionregistration/v1beta1",
    "listers/apps/v1",
    "listers/apps/v1beta1",
    "listers/apps/v1beta2",
    "listers/autoscaling/v1",
    "listers/autoscaling/v2beta1",
    "listers/batch/v1",
    "listers/batch/v1beta1",
    "listers/batch/v2alpha1",
    "listers/certificates/v1beta1",
    "listers/core/v1",
    "listers/events/v1beta1",
    "listers/extensions/v1beta1",
    "listers/networking/v1",
    "listers/policy/v1beta1",
    "listers/rbac/v1",
    "listers/rbac/v1alpha1",
    "listers/rbac/v1beta1",
    "listers/scheduling/v1alpha1",
    "listers/settings/v1alpha1",
    "listers/storage/v1",
    "listers/storage/v1alpha1",
    "listers/storage/v1beta1",
    "pkg/version",
    "rest",
    "rest/watch",
    "testing",
    "tools/auth",
    "tools/cache",
    "tools/clientcmd",
    "tools/clientcmd/api",
    "tools/clientcmd/api/latest",
    "tools/clientcmd/api/v1",
    "tools/leaderelection",
    "tools/leaderelection/resourcelock",
    "tools/metrics",
    "tools/pager",
    "tools/record",
    "tools/reference",
    "transport",
    "util/buffer",
    "util/cert",
    "util/flowcontrol",
    "util/homedir",
    "util/integer",
    "util/workqueue",
  ]
  pruneopts = "UT"
  revision = "c4528e9778198aa1f59e74dcfec43bcb5ce1c107"

[[projects]]
  branch = "release-1.9"
  digest = "1:67be33c42ae513bbbf810717eeffaebea4e35bc725add5ca5b24833c5fa2194c"
  name = "k8s.io/kube-openapi"
  packages = [
    "pkg/builder",
    "pkg/common",
    "pkg/handler",
    "pkg/util",
    "pkg/util/proto",
  ]
  pruneopts = "UT"
  revision = "7ee50c0aa8059d610950c952a9ed7a5e33ab336a"

[[projects]]
  digest = "1:8f6a216056d0208badeb4dc6024f44b998458491cd722e217c52b20bbe6113bc"
  name = "sigs.k8s.io/cluster-api"
  packages = [
    "pkg/apis/cluster",
    "pkg/apis/cluster/common",
    "pkg/apis/cluster/v1alpha1",
    "pkg/client/clientset_generated/clientset",
    "pkg/client/clientset_generated/clientset/fake",
    "pkg/client/clientset_generated/clientset/scheme",
    "pkg/client/clientset_generated/clientset/typed/cluster/v1alpha1",
    "pkg/client/clientset_generated/clientset/typed/cluster/v1alpha1/fake",
    "pkg/client/informers_generated/externalversions",
    "pkg/client/informers_generated/externalversions/cluster",
    "pkg/client/informers_generated/externalversions/cluster/v1alpha1",
    "pkg/client/informers_generated/externalversions/internalinterfaces",
    "pkg/client/listers_generated/cluster/v1alpha1",
    "pkg/controller/config",
    "pkg/controller/machine",
    "pkg/controller/noderefutil",
    "pkg/controller/sharedinformers",
    "util",
  ]
  pruneopts = "UT"
  revision = "fbc85d97affbf5c9ad97054c66b23ad2bc0ca097"
  version = "0.0.0-alpha.2"

[solve-meta]
  analyzer-name = "dep"
  analyzer-version = 1
  input-imports = [
    "github.com/davecgh/go-spew/spew",
    "github.com/ghodss/yaml",
    "github.com/golang/glog",
    "github.com/kubernetes-incubator/apiserver-builder/pkg/controller",
    "github.com/libvirt/libvirt-go",
    "github.com/libvirt/libvirt-go-xml",
    "github.com/sirupsen/logrus",
    "github.com/spf13/cobra",
    "github.com/spf13/pflag",
    "k8s.io/api/core/v1",
    "k8s.io/apimachinery/pkg/apis/meta/v1",
    "k8s.io/apimachinery/pkg/runtime",
    "k8s.io/apimachinery/pkg/runtime/schema",
    "k8s.io/apimachinery/pkg/runtime/serializer",
    "k8s.io/apimachinery/pkg/util/uuid",
    "k8s.io/apiserver/pkg/util/logs",
    "k8s.io/client-go/kubernetes",
    "k8s.io/client-go/kubernetes/typed/core/v1",
    "k8s.io/client-go/rest",
    "k8s.io/client-go/tools/leaderelection",
    "k8s.io/client-go/tools/leaderelection/resourcelock",
    "k8s.io/client-go/tools/record",
    "sigs.k8s.io/cluster-api/pkg/apis/cluster/v1alpha1",
    "sigs.k8s.io/cluster-api/pkg/client/clientset_generated/clientset",
    "sigs.k8s.io/cluster-api/pkg/client/clientset_generated/clientset/fake",
    "sigs.k8s.io/cluster-api/pkg/client/clientset_generated/clientset/scheme",
    "sigs.k8s.io/cluster-api/pkg/controller/config",
    "sigs.k8s.io/cluster-api/pkg/controller/machine",
    "sigs.k8s.io/cluster-api/pkg/controller/sharedinformers",
  ]
  solver-name = "gps-cdcl"
  solver-version = 1
